
Microsoft Visual Studio Solution File, Format Version 12.00
# Visual Studio 15
Project("{FAE04EC0-301F-11D3-BF4B-00C04F79EFBC}") = "KtaneMod", "KtaneMod.csproj", "{CBF994F5-0760-F741-D2E5-A6FDF1B0181B}"
EndProject
Project("{FAE04EC0-301F-11D3-BF4B-00C04F79EFBC}") = "KtaneMod-Editor", "KtaneMod-Editor.csproj", "{BB2DD0FA-F4E4-C293-5551-4AB72C2D47DD}"
EndProject
Global
	GlobalSection(SolutionConfigurationPlatforms) = preSolution
		Debug|Any CPU = Debug|Any CPU
		Release|Any CPU = Release|Any CPU
	EndGlobalSection
	GlobalSection(ProjectConfigurationPlatforms) = postSolution
		{CBF994F5-0760-F741-D2E5-A6FDF1B0181B}.Debug|Any CPU.ActiveCfg = Debug|Any CPU
		{CBF994F5-0760-F741-D2E5-A6FDF1B0181B}.Debug|Any CPU.Build.0 = Debug|Any CPU
		{CBF994F5-0760-F741-D2E5-A6FDF1B0181B}.Release|Any CPU.ActiveCfg = Release|Any CPU
		{CBF994F5-0760-F741-D2E5-A6FDF1B0181B}.Release|Any CPU.Build.0 = Release|Any CPU
		{BB2DD0FA-F4E4-C293-5551-4AB72C2D47DD}.Debug|Any CPU.ActiveCfg = Debug|Any CPU
		{BB2DD0FA-F4E4-C293-5551-4AB72C2D47DD}.Debug|Any CPU.Build.0 = Debug|Any CPU
		{BB2DD0FA-F4E4-C293-5551-4AB72C2D47DD}.Release|Any CPU.ActiveCfg = Release|Any CPU
		{BB2DD0FA-F4E4-C293-5551-4AB72C2D47DD}.Release|Any CPU.Build.0 = Release|Any CPU
	EndGlobalSection
	GlobalSection(SolutionProperties) = preSolution
		HideSolutionNode = FALSE
	EndGlobalSection
EndGlobal
